// !$*UTF8*$!
{
	archiveVersion = 1;
	classes = {
	};
	objectVersion = 51;
	objects = {

/* Begin PBXBuildFile section */
		9585C7FE2502477800C53923 /* icon1024.png in Resources */ = {isa = PBXBuildFile; fileRef = 9585C7FD2502477800C53923 /* icon1024.png */; };
		95B0A33524CAECA500216850 /* AppDelegate.swift in Sources */ = {isa = PBXBuildFile; fileRef = 95B0A33424CAECA500216850 /* AppDelegate.swift */; };
		95B0A33724CAECA500216850 /* SceneDelegate.swift in Sources */ = {isa = PBXBuildFile; fileRef = 95B0A33624CAECA500216850 /* SceneDelegate.swift */; };
		95B0A33924CAECA500216850 /* ViewController.swift in Sources */ = {isa = PBXBuildFile; fileRef = 95B0A33824CAECA500216850 /* ViewController.swift */; };
		95B0A33C24CAECA500216850 /* Main.storyboard in Resources */ = {isa = PBXBuildFile; fileRef = 95B0A33A24CAECA500216850 /* Main.storyboard */; };
		95B0A33E24CAECA700216850 /* Assets.xcassets in Resources */ = {isa = PBXBuildFile; fileRef = 95B0A33D24CAECA700216850 /* Assets.xcassets */; };
		95B0A34124CAECA700216850 /* LaunchScreen.storyboard in Resources */ = {isa = PBXBuildFile; fileRef = 95B0A33F24CAECA700216850 /* LaunchScreen.storyboard */; };
		95B0A34924CAF64F00216850 /* InputViewController.swift in Sources */ = {isa = PBXBuildFile; fileRef = 95B0A34824CAF64F00216850 /* InputViewController.swift */; };
		95B86B4A24CAFE70004C3C1A /* diary.swift in Sources */ = {isa = PBXBuildFile; fileRef = 95B86B4924CAFE70004C3C1A /* diary.swift */; };
		B94E57A018AB24C417E013A0 /* Pods_1gyounikki.framework in Frameworks */ = {isa = PBXBuildFile; fileRef = E4938D9DA0987CCDADC55202 /* Pods_1gyounikki.framework */; };
/* End PBXBuildFile section */

/* Begin PBXFileReference section */
		1577BD3EF9B80684B611D39E /* Pods-1gyounikki.release.xcconfig */ = {isa = PBXFileReference; includeInIndex = 1; lastKnownFileType = text.xcconfig; name = "Pods-1gyounikki.release.xcconfig"; path = "Target Support Files/Pods-1gyounikki/Pods-1gyounikki.release.xcconfig"; sourceTree = "<group>"; };
		39251153B93060136C916287 /* Pods-1gyounikki.debug.xcconfig */ = {isa = PBXFileReference; includeInIndex = 1; lastKnownFileType = text.xcconfig; name = "Pods-1gyounikki.debug.xcconfig"; path = "Target Support Files/Pods-1gyounikki/Pods-1gyounikki.debug.xcconfig"; sourceTree = "<group>"; };
		9585C7FD2502477800C53923 /* icon1024.png */ = {isa = PBXFileReference; lastKnownFileType = image.png; path = icon1024.png; sourceTree = "<group>"; };
		95B0A33124CAECA500216850 /* 一行日記.app */ = {isa = PBXFileReference; explicitFileType = wrapper.application; includeInIndex = 0; path = "一行日記.app"; sourceTree = BUILT_PRODUCTS_DIR; };
		95B0A33424CAECA500216850 /* AppDelegate.swift */ = {isa = PBXFileReference; lastKnownFileType = sourcecode.swift; path = AppDelegate.swift; sourceTree = "<group>"; };
		95B0A33624CAECA500216850 /* SceneDelegate.swift */ = {isa = PBXFileReference; lastKnownFileType = sourcecode.swift; path = SceneDelegate.swift; sourceTree = "<group>"; };
		95B0A33824CAECA500216850 /* ViewController.swift */ = {isa = PBXFileReference; lastKnownFileType = sourcecode.swift; path = ViewController.swift; sourceTree = "<group>"; };
		95B0A33B24CAECA500216850 /* Base */ = {isa = PBXFileReference; lastKnownFileType = file.storyboard; name = Base; path = Base.lproj/Main.storyboard; sourceTree = "<group>"; };
		95B0A33D24CAECA700216850 /* Assets.xcassets */ = {isa = PBXFileReference; lastKnownFileType = folder.assetcatalog; path = Assets.xcassets; sourceTree = "<group>"; };
		95B0A34024CAECA700216850 /* Base */ = {isa = PBXFileReference; lastKnownFileType = file.storyboard; name = Base; path = Base.lproj/LaunchScreen.storyboard; sourceTree = "<group>"; };
		95B0A34224CAECA700216850 /* Info.plist */ = {isa = PBXFileReference; lastKnownFileType = text.plist.xml; path = Info.plist; sourceTree = "<group>"; };
		95B0A34824CAF64F00216850 /* InputViewController.swift */ = {isa = PBXFileReference; lastKnownFileType = sourcecode.swift; path = InputViewController.swift; sourceTree = "<group>"; };
		95B86B4924CAFE70004C3C1A /* diary.swift */ = {isa = PBXFileReference; lastKnownFileType = sourcecode.swift; path = diary.swift; sourceTree = "<group>"; };
		E4938D9DA0987CCDADC55202 /* Pods_1gyounikki.framework */ = {isa = PBXFileReference; explicitFileType = wrapper.framework; includeInIndex = 0; path = Pods_1gyounikki.framework; sourceTree = BUILT_PRODUCTS_DIR; };
/* End PBXFileReference section */

/* Begin PBXFrameworksBuildPhase section */
		95B0A32E24CAECA500216850 /* Frameworks */ = {
			isa = PBXFrameworksBuildPhase;
			buildActionMask = 2147483647;
			files = (
				B94E57A018AB24C417E013A0 /* Pods_1gyounikki.framework in Frameworks */,
			);
			runOnlyForDeploymentPostprocessing = 0;
		};
/* End PBXFrameworksBuildPhase section */

/* Begin PBXGroup section */
		5868C1D9A773584085267305 /* Pods */ = {
			isa = PBXGroup;
			children = (
				39251153B93060136C916287 /* Pods-1gyounikki.debug.xcconfig */,
				1577BD3EF9B80684B611D39E /* Pods-1gyounikki.release.xcconfig */,
			);
			path = Pods;
			sourceTree = "<group>";
		};
		95B0A32824CAECA500216850 = {
			isa = PBXGroup;
			children = (
				95B0A33324CAECA500216850 /* 1gyounikki */,
				95B0A33224CAECA500216850 /* Products */,
				5868C1D9A773584085267305 /* Pods */,
				CCBC74CFA2F611028E899859 /* Frameworks */,
			);
			sourceTree = "<group>";
		};
		95B0A33224CAECA500216850 /* Products */ = {
			isa = PBXGroup;
			children = (
				95B0A33124CAECA500216850 /* 一行日記.app */,
			);
			name = Products;
			sourceTree = "<group>";
		};
		95B0A33324CAECA500216850 /* 1gyounikki */ = {
			isa = PBXGroup;
			children = (
				95B0A33424CAECA500216850 /* AppDelegate.swift */,
				95B86B4924CAFE70004C3C1A /* diary.swift */,
				95B0A33624CAECA500216850 /* SceneDelegate.swift */,
				95B0A33824CAECA500216850 /* ViewController.swift */,
				95B0A34824CAF64F00216850 /* InputViewController.swift */,
				95B0A33A24CAECA500216850 /* Main.storyboard */,
				9585C7FD2502477800C53923 /* icon1024.png */,
				95B0A33D24CAECA700216850 /* Assets.xcassets */,
				95B0A33F24CAECA700216850 /* LaunchScreen.storyboard */,
				95B0A34224CAECA700216850 /* Info.plist */,
			);
			path = 1gyounikki;
			sourceTree = "<group>";
		};
		CCBC74CFA2F611028E899859 /* Frameworks */ = {
			isa = PBXGroup;
			children = (
				E4938D9DA0987CCDADC55202 /* Pods_1gyounikki.framework */,
			);
			name = Frameworks;
			sourceTree = "<group>";
		};
/* End PBXGroup section */

/* Begin PBXNativeTarget section */
		95B0A33024CAECA500216850 /* 1gyounikki */ = {
			isa = PBXNativeTarget;
			buildConfigurationList = 95B0A34524CAECA700216850 /* Build configuration list for PBXNativeTarget "1gyounikki" */;
			buildPhases = (
				CCF12AFC88C7FBA7DD826998 /* [CP] Check Pods Manifest.lock */,
				95B0A32D24CAECA500216850 /* Sources */,
				95B0A32E24CAECA500216850 /* Frameworks */,
				95B0A32F24CAECA500216850 /* Resources */,
				810CDEFB142CC3246DDB681E /* [CP] Embed Pods Frameworks */,
			);
			buildRules = (
			);
			dependencies = (
			);
			name = 1gyounikki;
			productName = 1gyounikki;
			productReference = 95B0A33124CAECA500216850 /* 一行日記.app */;
			productType = "com.apple.product-type.application";
		};
/* End PBXNativeTarget section */

/* Begin PBXProject section */
		95B0A32924CAECA500216850 /* Project object */ = {
			isa = PBXProject;
			attributes = {
				LastSwiftUpdateCheck = 1150;
				LastUpgradeCheck = 1150;
				ORGANIZATIONNAME = "SHO Yoshiwa";
				TargetAttributes = {
					95B0A33024CAECA500216850 = {
						CreatedOnToolsVersion = 11.5;
					};
				};
			};
			buildConfigurationList = 95B0A32C24CAECA500216850 /* Build configuration list for PBXProject "一行日記" */;
			compatibilityVersion = "Xcode 9.3";
			developmentRegion = en;
			hasScannedForEncodings = 0;
			knownRegions = (
				en,
				Base,
			);
			mainGroup = 95B0A32824CAECA500216850;
			productRefGroup = 95B0A33224CAECA500216850 /* Products */;
			projectDirPath = "";
			projectRoot = "";
			targets = (
				95B0A33024CAECA500216850 /* 1gyounikki */,
			);
		};
/* End PBXProject section */

/* Begin PBXResourcesBuildPhase section */
		95B0A32F24CAECA500216850 /* Resources */ = {
			isa = PBXResourcesBuildPhase;
			buildActionMask = 2147483647;
			files = (
				95B0A34124CAECA700216850 /* LaunchScreen.storyboard in Resources */,
				95B0A33E24CAECA700216850 /* Assets.xcassets in Resources */,
				95B0A33C24CAECA500216850 /* Main.storyboard in Resources */,
				9585C7FE2502477800C53923 /* icon1024.png in Resources */,
			);
			runOnlyForDeploymentPostprocessing = 0;
		};
/* End PBXResourcesBuildPhase section */

/* Begin PBXShellScriptBuildPhase section */
		810CDEFB142CC3246DDB681E /* [CP] Embed Pods Frameworks */ = {
			isa = PBXShellScriptBuildPhase;
			buildActionMask = 2147483647;
			files = (
			);
			inputFileListPaths = (
				"${PODS_ROOT}/Target Support Files/Pods-1gyounikki/Pods-1gyounikki-frameworks-${CONFIGURATION}-input-files.xcfilelist",
			);
			name = "[CP] Embed Pods Frameworks";
			outputFileListPaths = (
				"${PODS_ROOT}/Target Support Files/Pods-1gyounikki/Pods-1gyounikki-frameworks-${CONFIGURATION}-output-files.xcfilelist",
			);
			runOnlyForDeploymentPostprocessing = 0;
			shellPath = /bin/sh;
			shellScript = "\"${PODS_ROOT}/Target Support Files/Pods-1gyounikki/Pods-1gyounikki-frameworks.sh\"\n";
			showEnvVarsInLog = 0;
		};
		CCF12AFC88C7FBA7DD826998 /* [CP] Check Pods Manifest.lock */ = {
			isa = PBXShellScriptBuildPhase;
			buildActionMask = 2147483647;
			files = (
			);
			inputFileListPaths = (
			);
			inputPaths = (
				"${PODS_PODFILE_DIR_PATH}/Podfile.lock",
				"${PODS_ROOT}/Manifest.lock",
			);
			name = "[CP] Check Pods Manifest.lock";
			outputFileListPaths = (
			);
			outputPaths = (
				"$(DERIVED_FILE_DIR)/Pods-1gyounikki-checkManifestLockResult.txt",
			);
			runOnlyForDeploymentPostprocessing = 0;
			shellPath = /bin/sh;
			shellScript = "diff \"${PODS_PODFILE_DIR_PATH}/Podfile.lock\" \"${PODS_ROOT}/Manifest.lock\" > /dev/null\nif [ $? != 0 ] ; then\n    # print error to STDERR\n    echo \"error: The sandbox is not in sync with the Podfile.lock. Run 'pod install' or update your CocoaPods installation.\" >&2\n    exit 1\nfi\n# This output is used by Xcode 'outputs' to avoid re-running this script phase.\necho \"SUCCESS\" > \"${SCRIPT_OUTPUT_FILE_0}\"\n";
			showEnvVarsInLog = 0;
		};
/* End PBXShellScriptBuildPhase section */

/* Begin PBXSourcesBuildPhase section */
		95B0A32D24CAECA500216850 /* Sources */ = {
			isa = PBXSourcesBuildPhase;
			buildActionMask = 2147483647;
			files = (
				95B86B4A24CAFE70004C3C1A /* diary.swift in Sources */,
				95B0A33924CAECA500216850 /* ViewController.swift in Sources */,
				95B0A33524CAECA500216850 /* AppDelegate.swift in Sources */,
				95B0A33724CAECA500216850 /* SceneDelegate.swift in Sources */,
				95B0A34924CAF64F00216850 /* InputViewController.swift in Sources */,
			);
			runOnlyForDeploymentPostprocessing = 0;
		};
/* End PBXSourcesBuildPhase section */

/* Begin PBXVariantGroup section */
		95B0A33A24CAECA500216850 /* Main.storyboard */ = {
			isa = PBXVariantGroup;
			children = (
				95B0A33B24CAECA500216850 /* Base */,
			);
			name = Main.storyboard;
			sourceTree = "<group>";
		};
		95B0A33F24CAECA700216850 /* LaunchScreen.storyboard */ = {
			isa = PBXVariantGroup;
			children = (
				95B0A34024CAECA700216850 /* Base */,
			);
			name = LaunchScreen.storyboard;
			sourceTree = "<group>";
		};
/* End PBXVariantGroup section */

/* Begin XCBuildConfiguration section */
		95B0A34324CAECA700216850 /* Debug */ = {
			isa = XCBuildConfiguration;
			buildSettings = {
				ALWAYS_SEARCH_USER_PATHS = NO;
				CLANG_ANALYZER_NONNULL = YES;
				CLANG_ANALYZER_NUMBER_OBJECT_CONVERSION = YES_AGGRESSIVE;
				CLANG_CXX_LANGUAGE_STANDARD = "gnu++14";
				CLANG_CXX_LIBRARY = "libc++";
				CLANG_ENABLE_MODULES = YES;
				CLANG_ENABLE_OBJC_ARC = YES;
				CLANG_ENABLE_OBJC_WEAK = YES;
				CLANG_WARN_BLOCK_CAPTURE_AUTORELEASING = YES;
				CLANG_WARN_BOOL_CONVERSION = YES;
				CLANG_WARN_COMMA = YES;
				CLANG_WARN_CONSTANT_CONVERSION = YES;
				CLANG_WARN_DEPRECATED_OBJC_IMPLEMENTATIONS = YES;
				CLANG_WARN_DIRECT_OBJC_ISA_USAGE = YES_ERROR;
				CLANG_WARN_DOCUMENTATION_COMMENTS = YES;
				CLANG_WARN_EMPTY_BODY = YES;
				CLANG_WARN_ENUM_CONVERSION = YES;
				CLANG_WARN_INFINITE_RECURSION = YES;
				CLANG_WARN_INT_CONVERSION = YES;
				CLANG_WARN_NON_LITERAL_NULL_CONVERSION = YES;
				CLANG_WARN_OBJC_IMPLICIT_RETAIN_SELF = YES;
				CLANG_WARN_OBJC_LITERAL_CONVERSION = YES;
				CLANG_WARN_OBJC_ROOT_CLASS = YES_ERROR;
				CLANG_WARN_RANGE_LOOP_ANALYSIS = YES;
				CLANG_WARN_STRICT_PROTOTYPES = YES;
				CLANG_WARN_SUSPICIOUS_MOVE = YES;
				CLANG_WARN_UNGUARDED_AVAILABILITY = YES_AGGRESSIVE;
				CLANG_WARN_UNREACHABLE_CODE = YES;
				CLANG_WARN__DUPLICATE_METHOD_MATCH = YES;
				COPY_PHASE_STRIP = NO;
				DEBUG_INFORMATION_FORMAT = dwarf;
				ENABLE_STRICT_OBJC_MSGSEND = YES;
				ENABLE_TESTABILITY = YES;
				GCC_C_LANGUAGE_STANDARD = gnu11;
				GCC_DYNAMIC_NO_PIC = NO;
				GCC_NO_COMMON_BLOCKS = YES;
				GCC_OPTIMIZATION_LEVEL = 0;
				GCC_PREPROCESSOR_DEFINITIONS = (
					"DEBUG=1",
					"$(inherited)",
				);
				GCC_WARN_64_TO_32_BIT_CONVERSION = YES;
				GCC_WARN_ABOUT_RETURN_TYPE = YES_ERROR;
				GCC_WARN_UNDECLARED_SELECTOR = YES;
				GCC_WARN_UNINITIALIZED_AUTOS = YES_AGGRESSIVE;
				GCC_WARN_UNUSED_FUNCTION = YES;
				GCC_WARN_UNUSED_VARIABLE = YES;
				IPHONEOS_DEPLOYMENT_TARGET = 13.5;
				MTL_ENABLE_DEBUG_INFO = INCLUDE_SOURCE;
				MTL_FAST_MATH = YES;
				ONLY_ACTIVE_ARCH = YES;
				SDKROOT = iphoneos;
				SWIFT_ACTIVE_COMPILATION_CONDITIONS = DEBUG;
				SWIFT_OPTIMIZATION_LEVEL = "-Onone";
			};
			name = Debug;
		};
		95B0A34424CAECA700216850 /* Release */ = {
			isa = XCBuildConfiguration;
			buildSettings = {
				ALWAYS_SEARCH_USER_PATHS = NO;
				CLANG_ANALYZER_NONNULL = YES;
				CLANG_ANALYZER_NUMBER_OBJECT_CONVERSION = YES_AGGRESSIVE;
				CLANG_CXX_LANGUAGE_STANDARD = "gnu++14";
				CLANG_CXX_LIBRARY = "libc++";
				CLANG_ENABLE_MODULES = YES;
				CLANG_ENABLE_OBJC_ARC = YES;
				CLANG_ENABLE_OBJC_WEAK = YES;
				CLANG_WARN_BLOCK_CAPTURE_AUTORELEASING = YES;
				CLANG_WARN_BOOL_CONVERSION = YES;
				CLANG_WARN_COMMA = YES;
				CLANG_WARN_CONSTANT_CONVERSION = YES;
				CLANG_WARN_DEPRECATED_OBJC_IMPLEMENTATIONS = YES;
				CLANG_WARN_DIRECT_OBJC_ISA_USAGE = YES_ERROR;
				CLANG_WARN_DOCUMENTATION_COMMENTS = YES;
				CLANG_WARN_EMPTY_BODY = YES;
				CLANG_WARN_ENUM_CONVERSION = YES;
				CLANG_WARN_INFINITE_RECURSION = YES;
				CLANG_WARN_INT_CONVERSION = YES;
				CLANG_WARN_NON_LITERAL_NULL_CONVERSION = YES;
				CLANG_WARN_OBJC_IMPLICIT_RETAIN_SELF = YES;
				CLANG_WARN_OBJC_LITERAL_CONVERSION = YES;
				CLANG_WARN_OBJC_ROOT_CLASS = YES_ERROR;
				CLANG_WARN_RANGE_LOOP_ANALYSIS = YES;
				CLANG_WARN_STRICT_PROTOTYPES = YES;
				CLANG_WARN_SUSPICIOUS_MOVE = YES;
				CLANG_WARN_UNGUARDED_AVAILABILITY = YES_AGGRESSIVE;
				CLANG_WARN_UNREACHABLE_CODE = YES;
				CLANG_WARN__DUPLICATE_METHOD_MATCH = YES;
				COPY_PHASE_STRIP = NO;
				DEBUG_INFORMATION_FORMAT = "dwarf-with-dsym";
				ENABLE_NS_ASSERTIONS = NO;
				ENABLE_STRICT_OBJC_MSGSEND = YES;
				GCC_C_LANGUAGE_STANDARD = gnu11;
				GCC_NO_COMMON_BLOCKS = YES;
				GCC_WARN_64_TO_32_BIT_CONVERSION = YES;
				GCC_WARN_ABOUT_RETURN_TYPE = YES_ERROR;
				GCC_WARN_UNDECLARED_SELECTOR = YES;
				GCC_WARN_UNINITIALIZED_AUTOS = YES_AGGRESSIVE;
				GCC_WARN_UNUSED_FUNCTION = YES;
				GCC_WARN_UNUSED_VARIABLE = YES;
				IPHONEOS_DEPLOYMENT_TARGET = 13.5;
				MTL_ENABLE_DEBUG_INFO = NO;
				MTL_FAST_MATH = YES;
				SDKROOT = iphoneos;
				SWIFT_COMPILATION_MODE = wholemodule;
				SWIFT_OPTIMIZATION_LEVEL = "-O";
				VALIDATE_PRODUCT = YES;
			};
			name = Release;
		};
		95B0A34624CAECA700216850 /* Debug */ = {
			isa = XCBuildConfiguration;
			baseConfigurationReference = 39251153B93060136C916287 /* Pods-1gyounikki.debug.xcconfig */;
			buildSettings = {
				ASSETCATALOG_COMPILER_APPICON_NAME = AppIcon;
				CODE_SIGN_STYLE = Automatic;
				DEVELOPMENT_TEAM = FVD35N757L;
				INFOPLIST_FILE = 1gyounikki/Info.plist;
				LD_RUNPATH_SEARCH_PATHS = (
					"$(inherited)",
					"@executable_path/Frameworks",
				);
				MARKETING_VERSION = 1.1;
				PRODUCT_BUNDLE_IDENTIFIER = "jp.techacademy.sho.yoshiwa.-gyounikki";
				PRODUCT_NAME = "一行日記";
				SWIFT_VERSION = 5.0;
				TARGETED_DEVICE_FAMILY = 1;
			};
			name = Debug;
		};
		95B0A34724CAECA700216850 /* Release */ = {
			isa = XCBuildConfiguration;
			baseConfigurationReference = 1577BD3EF9B80684B611D39E /* Pods-1gyounikki.release.xcconfig */;
			buildSettings = {
				ASSETCATALOG_COMPILER_APPICON_NAME = AppIcon;
				CODE_SIGN_STYLE = Automatic;
				DEVELOPMENT_TEAM = FVD35N757L;
				INFOPLIST_FILE = 1gyounikki/Info.plist;
				LD_RUNPATH_SEARCH_PATHS = (
					"$(inherited)",
					"@executable_path/Frameworks",
				);
				MARKETING_VERSION = 1.1;
				PRODUCT_BUNDLE_IDENTIFIER = "jp.techacademy.sho.yoshiwa.-gyounikki";
				PRODUCT_NAME = "一行日記";
				SWIFT_VERSION = 5.0;
				TARGETED_DEVICE_FAMILY = 1;
			};
			name = Release;
		};
/* End XCBuildConfiguration section */

/* Begin XCConfigurationList section */
		95B0A32C24CAECA500216850 /* Build configuration list for PBXProject "一行日記" */ = {
			isa = XCConfigurationList;
			buildConfigurations = (
				95B0A34324CAECA700216850 /* Debug */,
				95B0A34424CAECA700216850 /* Release */,
			);
			defaultConfigurationIsVisible = 0;
			defaultConfigurationName = Release;
		};
		95B0A34524CAECA700216850 /* Build configuration list for PBXNativeTarget "1gyounikki" */ = {
			isa = XCConfigurationList;
			buildConfigurations = (
				95B0A34624CAECA700216850 /* Debug */,
				95B0A34724CAECA700216850 /* Release */,
			);
			defaultConfigurationIsVisible = 0;
			defaultConfigurationName = Release;
		};
/* End XCConfigurationList section */
	};
	rootObject = 95B0A32924CAECA500216850 /* Project object */;
}
